
Microsoft Visual Studio Solution File, Format Version 12.00
# Visual Studio 15
VisualStudioVersion = 15.0.26430.13
MinimumVisualStudioVersion = 10.0.40219.1
Project("{FAE04EC0-301F-11D3-BF4B-00C04F79EFBC}") = "StarryEyes", "StarryEyes\StarryEyes.csproj", "{3BF1F46A-B095-40EC-A89D-A34EBBACA966}"
EndProject
Project("{FAE04EC0-301F-11D3-BF4B-00C04F79EFBC}") = "StarryEyes.Albireo", "StarryEyes.Albireo\StarryEyes.Albireo.csproj", "{C2740802-BD1C-4B70-9B3A-F69DAE505827}"
EndProject
Project("{2150E333-8FDC-42A3-9474-1A3956D46DE8}") = ".nuget", ".nuget", "{6EF91D4C-7861-487B-9817-0C977AF2E12E}"
	ProjectSection(SolutionItems) = preProject
		.nuget\NuGet.Config = .nuget\NuGet.Config
		.nuget\NuGet.exe = .nuget\NuGet.exe
	EndProjectSection
EndProject
Project("{FAE04EC0-301F-11D3-BF4B-00C04F79EFBC}") = "StarryEyes.Nightmare", "StarryEyes.Nightmare\StarryEyes.Nightmare.csproj", "{3A78CEB3-A112-4A66-8724-BFF2BFA9182B}"
EndProject
Project("{2150E333-8FDC-42A3-9474-1A3956D46DE8}") = "auxiliary services", "auxiliary services", "{B2DF914A-A068-4FD0-8ED9-50743E1AFF71}"
EndProject
Project("{FAE04EC0-301F-11D3-BF4B-00C04F79EFBC}") = "StarryEyes.Anomaly", "StarryEyes.Anomaly\StarryEyes.Anomaly.csproj", "{564E23DE-AB35-45B6-B331-395C3943BC23}"
EndProject
Project("{2150E333-8FDC-42A3-9474-1A3956D46DE8}") = "default plugins", "default plugins", "{65C47B8C-93EE-4291-8870-E3092BE22DB5}"
EndProject
Project("{2150E333-8FDC-42A3-9474-1A3956D46DE8}") = "documents", "documents", "{172DB1ED-7852-4054-AF55-7ECA74308444}"
	ProjectSection(SolutionItems) = preProject
		atlas.txt = atlas.txt
		kql.txt = kql.txt
	EndProjectSection
EndProject
Project("{FAE04EC0-301F-11D3-BF4B-00C04F79EFBC}") = "StarryEyes.Casket", "StarryEyes.Casket\StarryEyes.Casket.csproj", "{316927DE-96C9-47C8-947D-B6D8A8DA1E14}"
EndProject
Project("{FAE04EC0-301F-11D3-BF4B-00C04F79EFBC}") = "StarryEyes.Albireo.Test", "StarryEyes.Albireo.Test\StarryEyes.Albireo.Test.csproj", "{41D14775-20AA-4CB2-9B8A-371599D2552F}"
EndProject
Project("{2150E333-8FDC-42A3-9474-1A3956D46DE8}") = "MahApps.Metro", "MahApps.Metro", "{28BF4974-FFE2-4440-ABAB-674DC0C6AB4E}"
EndProject
Project("{FAE04EC0-301F-11D3-BF4B-00C04F79EFBC}") = "MahApps.Metro", "MahApps.Metro\MahApps.Metro\MahApps.Metro.csproj", "{5B1710D2-5DC8-4754-91B2-19165DE49B3D}"
EndProject
Project("{FAE04EC0-301F-11D3-BF4B-00C04F79EFBC}") = "MahApps.Metro.Resources", "MahApps.Metro\MahApps.Metro.Resources\MahApps.Metro.Resources.csproj", "{E708AC99-605B-42A0-8D20-ABCA8FE42DD2}"
EndProject
Project("{FAE04EC0-301F-11D3-BF4B-00C04F79EFBC}") = "Detective", "aux_services\Detective\Detective.csproj", "{F26CDB6B-3D72-4240-BC11-CEB7351672F1}"
EndProject
Project("{FAE04EC0-301F-11D3-BF4B-00C04F79EFBC}") = "SweetMagic", "aux_services\SweetMagic\SweetMagic.csproj", "{11F115EE-8D61-42F3-89CA-E75E591E4E49}"
EndProject
Project("{FAE04EC0-301F-11D3-BF4B-00C04F79EFBC}") = "Wonder", "aux_services\Wonder\Wonder.csproj", "{60761FCD-DB0B-40CC-8645-441CE88349D7}"
EndProject
Project("{FAE04EC0-301F-11D3-BF4B-00C04F79EFBC}") = "StarryJs", "def_plugins\StarryJs\StarryJs.csproj", "{2C279B20-2AA2-4C6A-B7D0-B7BD143697F5}"
EndProject
Project("{9A19103F-16F7-4668-BE54-9A1E7A4F7556}") = "Cadena", "Cadena\Cadena\Cadena.csproj", "{E25DED86-132E-4EF9-896A-43E4F052F152}"
EndProject
Project("{FAE04EC0-301F-11D3-BF4B-00C04F79EFBC}") = "Cadena.Test", "Cadena\Cadena.Test\Cadena.Test.csproj", "{F2CCACC7-B465-445E-BC6C-B162545C7C40}"
EndProject
Project("{9A19103F-16F7-4668-BE54-9A1E7A4F7556}") = "Starcluster", "Starcluster\Starcluster\Starcluster.csproj", "{EB244161-7E2D-4F3F-A523-E33277A6781C}"
EndProject
Project("{FAE04EC0-301F-11D3-BF4B-00C04F79EFBC}") = "Starcluster.Test", "Starcluster\Starcluster.Test\Starcluster.Test.csproj", "{C4FA839B-6153-4FFE-B0F8-2DDB0665417C}"
EndProject
Project("{FAE04EC0-301F-11D3-BF4B-00C04F79EFBC}") = "Sophia", "Sophia\Sophia.csproj", "{73B52837-2EA0-40D3-B635-AD8E80BE0921}"
EndProject
Project("{2150E333-8FDC-42A3-9474-1A3956D46DE8}") = "subsystems", "subsystems", "{8651BE6F-54D2-4017-845A-4579B0F21DC3}"
EndProject
Project("{2150E333-8FDC-42A3-9474-1A3956D46DE8}") = "twitter api", "twitter api", "{86F61B42-61D9-495A-909C-DCD97BDB76D1}"
EndProject
Project("{2150E333-8FDC-42A3-9474-1A3956D46DE8}") = "user interface", "user interface", "{8320CC4A-5ED8-4874-8EF7-68F95F939E2B}"
EndProject
Project("{2150E333-8FDC-42A3-9474-1A3956D46DE8}") = "database", "database", "{9EB32D39-B080-4BC8-B136-25FD46CA18C6}"
EndProject
Project("{2150E333-8FDC-42A3-9474-1A3956D46DE8}") = "platform", "platform", "{CD21A2FC-79AB-4EBC-A4CC-072EDBCA0AF3}"
EndProject
Project("{2150E333-8FDC-42A3-9474-1A3956D46DE8}") = "plugins", "plugins", "{18B524C1-128C-4E95-975F-AFEA26381C01}"
EndProject
Project("{FAE04EC0-301F-11D3-BF4B-00C04F79EFBC}") = "Dia", "Dia\Dia.csproj", "{5F818D0F-0411-4129-B32C-36E2ADB43EF1}"
EndProject
Global
	GlobalSection(SolutionConfigurationPlatforms) = preSolution
		Debug|Any CPU = Debug|Any CPU
		Debug|x86 = Debug|x86
		Release|Any CPU = Release|Any CPU
		Release|x86 = Release|x86
	EndGlobalSection
	GlobalSection(ProjectConfigurationPlatforms) = postSolution
		{3BF1F46A-B095-40EC-A89D-A34EBBACA966}.Debug|Any CPU.ActiveCfg = Debug|Any CPU
		{3BF1F46A-B095-40EC-A89D-A34EBBACA966}.Debug|Any CPU.Build.0 = Debug|Any CPU
		{3BF1F46A-B095-40EC-A89D-A34EBBACA966}.Debug|x86.ActiveCfg = Debug|x86
		{3BF1F46A-B095-40EC-A89D-A34EBBACA966}.Debug|x86.Build.0 = Debug|x86
		{3BF1F46A-B095-40EC-A89D-A34EBBACA966}.Release|Any CPU.ActiveCfg = Release|Any CPU
		{3BF1F46A-B095-40EC-A89D-A34EBBACA966}.Release|Any CPU.Build.0 = Release|Any CPU
		{3BF1F46A-B095-40EC-A89D-A34EBBACA966}.Release|x86.ActiveCfg = Release|x86
		{3BF1F46A-B095-40EC-A89D-A34EBBACA966}.Release|x86.Build.0 = Release|x86
		{C2740802-BD1C-4B70-9B3A-F69DAE505827}.Debug|Any CPU.ActiveCfg = Debug|Any CPU
		{C2740802-BD1C-4B70-9B3A-F69DAE505827}.Debug|Any CPU.Build.0 = Debug|Any CPU
		{C2740802-BD1C-4B70-9B3A-F69DAE505827}.Debug|x86.ActiveCfg = Debug|Any CPU
		{C2740802-BD1C-4B70-9B3A-F69DAE505827}.Debug|x86.Build.0 = Debug|Any CPU
		{C2740802-BD1C-4B70-9B3A-F69DAE505827}.Release|Any CPU.ActiveCfg = Release|Any CPU
		{C2740802-BD1C-4B70-9B3A-F69DAE505827}.Release|Any CPU.Build.0 = Release|Any CPU
		{C2740802-BD1C-4B70-9B3A-F69DAE505827}.Release|x86.ActiveCfg = Release|Any CPU
		{C2740802-BD1C-4B70-9B3A-F69DAE505827}.Release|x86.Build.0 = Release|Any CPU
		{3A78CEB3-A112-4A66-8724-BFF2BFA9182B}.Debug|Any CPU.ActiveCfg = Debug|Any CPU
		{3A78CEB3-A112-4A66-8724-BFF2BFA9182B}.Debug|Any CPU.Build.0 = Debug|Any CPU
		{3A78CEB3-A112-4A66-8724-BFF2BFA9182B}.Debug|x86.ActiveCfg = Debug|Any CPU
		{3A78CEB3-A112-4A66-8724-BFF2BFA9182B}.Debug|x86.Build.0 = Debug|Any CPU
		{3A78CEB3-A112-4A66-8724-BFF2BFA9182B}.Release|Any CPU.ActiveCfg = Release|Any CPU
		{3A78CEB3-A112-4A66-8724-BFF2BFA9182B}.Release|Any CPU.Build.0 = Release|Any CPU
		{3A78CEB3-A112-4A66-8724-BFF2BFA9182B}.Release|x86.ActiveCfg = Release|Any CPU
		{3A78CEB3-A112-4A66-8724-BFF2BFA9182B}.Release|x86.Build.0 = Release|Any CPU
		{564E23DE-AB35-45B6-B331-395C3943BC23}.Debug|Any CPU.ActiveCfg = Debug|Any CPU
		{564E23DE-AB35-45B6-B331-395C3943BC23}.Debug|Any CPU.Build.0 = Debug|Any CPU
		{564E23DE-AB35-45B6-B331-395C3943BC23}.Debug|x86.ActiveCfg = Debug|Any CPU
		{564E23DE-AB35-45B6-B331-395C3943BC23}.Debug|x86.Build.0 = Debug|Any CPU
		{564E23DE-AB35-45B6-B331-395C3943BC23}.Release|Any CPU.ActiveCfg = Release|Any CPU
		{564E23DE-AB35-45B6-B331-395C3943BC23}.Release|Any CPU.Build.0 = Release|Any CPU
		{564E23DE-AB35-45B6-B331-395C3943BC23}.Release|x86.ActiveCfg = Release|Any CPU
		{564E23DE-AB35-45B6-B331-395C3943BC23}.Release|x86.Build.0 = Release|Any CPU
		{316927DE-96C9-47C8-947D-B6D8A8DA1E14}.Debug|Any CPU.ActiveCfg = Debug|Any CPU
		{316927DE-96C9-47C8-947D-B6D8A8DA1E14}.Debug|Any CPU.Build.0 = Debug|Any CPU
		{316927DE-96C9-47C8-947D-B6D8A8DA1E14}.Debug|x86.ActiveCfg = Debug|Any CPU
		{316927DE-96C9-47C8-947D-B6D8A8DA1E14}.Debug|x86.Build.0 = Debug|Any CPU
		{316927DE-96C9-47C8-947D-B6D8A8DA1E14}.Release|Any CPU.ActiveCfg = Release|Any CPU
		{316927DE-96C9-47C8-947D-B6D8A8DA1E14}.Release|Any CPU.Build.0 = Release|Any CPU
		{316927DE-96C9-47C8-947D-B6D8A8DA1E14}.Release|x86.ActiveCfg = Release|Any CPU
		{316927DE-96C9-47C8-947D-B6D8A8DA1E14}.Release|x86.Build.0 = Release|Any CPU
		{41D14775-20AA-4CB2-9B8A-371599D2552F}.Debug|Any CPU.ActiveCfg = Debug|Any CPU
		{41D14775-20AA-4CB2-9B8A-371599D2552F}.Debug|Any CPU.Build.0 = Debug|Any CPU
		{41D14775-20AA-4CB2-9B8A-371599D2552F}.Debug|x86.ActiveCfg = Debug|Any CPU
		{41D14775-20AA-4CB2-9B8A-371599D2552F}.Debug|x86.Build.0 = Debug|Any CPU
		{41D14775-20AA-4CB2-9B8A-371599D2552F}.Release|Any CPU.ActiveCfg = Release|Any CPU
		{41D14775-20AA-4CB2-9B8A-371599D2552F}.Release|Any CPU.Build.0 = Release|Any CPU
		{41D14775-20AA-4CB2-9B8A-371599D2552F}.Release|x86.ActiveCfg = Release|Any CPU
		{41D14775-20AA-4CB2-9B8A-371599D2552F}.Release|x86.Build.0 = Release|Any CPU
		{5B1710D2-5DC8-4754-91B2-19165DE49B3D}.Debug|Any CPU.ActiveCfg = Debug|Any CPU
		{5B1710D2-5DC8-4754-91B2-19165DE49B3D}.Debug|Any CPU.Build.0 = Debug|Any CPU
		{5B1710D2-5DC8-4754-91B2-19165DE49B3D}.Debug|x86.ActiveCfg = Debug|Any CPU
		{5B1710D2-5DC8-4754-91B2-19165DE49B3D}.Debug|x86.Build.0 = Debug|Any CPU
		{5B1710D2-5DC8-4754-91B2-19165DE49B3D}.Release|Any CPU.ActiveCfg = Release|Any CPU
		{5B1710D2-5DC8-4754-91B2-19165DE49B3D}.Release|Any CPU.Build.0 = Release|Any CPU
		{5B1710D2-5DC8-4754-91B2-19165DE49B3D}.Release|x86.ActiveCfg = Release|Any CPU
		{5B1710D2-5DC8-4754-91B2-19165DE49B3D}.Release|x86.Build.0 = Release|Any CPU
		{E708AC99-605B-42A0-8D20-ABCA8FE42DD2}.Debug|Any CPU.ActiveCfg = Debug|Any CPU
		{E708AC99-605B-42A0-8D20-ABCA8FE42DD2}.Debug|Any CPU.Build.0 = Debug|Any CPU
		{E708AC99-605B-42A0-8D20-ABCA8FE42DD2}.Debug|x86.ActiveCfg = Debug|Any CPU
		{E708AC99-605B-42A0-8D20-ABCA8FE42DD2}.Debug|x86.Build.0 = Debug|Any CPU
		{E708AC99-605B-42A0-8D20-ABCA8FE42DD2}.Release|Any CPU.ActiveCfg = Release|Any CPU
		{E708AC99-605B-42A0-8D20-ABCA8FE42DD2}.Release|Any CPU.Build.0 = Release|Any CPU
		{E708AC99-605B-42A0-8D20-ABCA8FE42DD2}.Release|x86.ActiveCfg = Release|Any CPU
		{E708AC99-605B-42A0-8D20-ABCA8FE42DD2}.Release|x86.Build.0 = Release|Any CPU
		{F26CDB6B-3D72-4240-BC11-CEB7351672F1}.Debug|Any CPU.ActiveCfg = Debug|Any CPU
		{F26CDB6B-3D72-4240-BC11-CEB7351672F1}.Debug|Any CPU.Build.0 = Debug|Any CPU
		{F26CDB6B-3D72-4240-BC11-CEB7351672F1}.Debug|x86.ActiveCfg = Debug|x86
		{F26CDB6B-3D72-4240-BC11-CEB7351672F1}.Debug|x86.Build.0 = Debug|x86
		{F26CDB6B-3D72-4240-BC11-CEB7351672F1}.Release|Any CPU.ActiveCfg = Release|Any CPU
		{F26CDB6B-3D72-4240-BC11-CEB7351672F1}.Release|Any CPU.Build.0 = Release|Any CPU
		{F26CDB6B-3D72-4240-BC11-CEB7351672F1}.Release|x86.ActiveCfg = Release|x86
		{F26CDB6B-3D72-4240-BC11-CEB7351672F1}.Release|x86.Build.0 = Release|x86
		{11F115EE-8D61-42F3-89CA-E75E591E4E49}.Debug|Any CPU.ActiveCfg = Debug|Any CPU
		{11F115EE-8D61-42F3-89CA-E75E591E4E49}.Debug|Any CPU.Build.0 = Debug|Any CPU
		{11F115EE-8D61-42F3-89CA-E75E591E4E49}.Debug|x86.ActiveCfg = Debug|x86
		{11F115EE-8D61-42F3-89CA-E75E591E4E49}.Debug|x86.Build.0 = Debug|x86
		{11F115EE-8D61-42F3-89CA-E75E591E4E49}.Release|Any CPU.ActiveCfg = Release|Any CPU
		{11F115EE-8D61-42F3-89CA-E75E591E4E49}.Release|Any CPU.Build.0 = Release|Any CPU
		{11F115EE-8D61-42F3-89CA-E75E591E4E49}.Release|x86.ActiveCfg = Release|x86
		{11F115EE-8D61-42F3-89CA-E75E591E4E49}.Release|x86.Build.0 = Release|x86
		{60761FCD-DB0B-40CC-8645-441CE88349D7}.Debug|Any CPU.ActiveCfg = Debug|Any CPU
		{60761FCD-DB0B-40CC-8645-441CE88349D7}.Debug|Any CPU.Build.0 = Debug|Any CPU
		{60761FCD-DB0B-40CC-8645-441CE88349D7}.Debug|x86.ActiveCfg = Debug|x86
		{60761FCD-DB0B-40CC-8645-441CE88349D7}.Debug|x86.Build.0 = Debug|x86
		{60761FCD-DB0B-40CC-8645-441CE88349D7}.Release|Any CPU.ActiveCfg = Release|Any CPU
		{60761FCD-DB0B-40CC-8645-441CE88349D7}.Release|Any CPU.Build.0 = Release|Any CPU
		{60761FCD-DB0B-40CC-8645-441CE88349D7}.Release|x86.ActiveCfg = Release|x86
		{60761FCD-DB0B-40CC-8645-441CE88349D7}.Release|x86.Build.0 = Release|x86
		{2C279B20-2AA2-4C6A-B7D0-B7BD143697F5}.Debug|Any CPU.ActiveCfg = Debug|Any CPU
		{2C279B20-2AA2-4C6A-B7D0-B7BD143697F5}.Debug|Any CPU.Build.0 = Debug|Any CPU
		{2C279B20-2AA2-4C6A-B7D0-B7BD143697F5}.Debug|x86.ActiveCfg = Debug|Any CPU
		{2C279B20-2AA2-4C6A-B7D0-B7BD143697F5}.Debug|x86.Build.0 = Debug|Any CPU
		{2C279B20-2AA2-4C6A-B7D0-B7BD143697F5}.Release|Any CPU.ActiveCfg = Release|Any CPU
		{2C279B20-2AA2-4C6A-B7D0-B7BD143697F5}.Release|Any CPU.Build.0 = Release|Any CPU
		{2C279B20-2AA2-4C6A-B7D0-B7BD143697F5}.Release|x86.ActiveCfg = Release|Any CPU
		{2C279B20-2AA2-4C6A-B7D0-B7BD143697F5}.Release|x86.Build.0 = Release|Any CPU
		{E25DED86-132E-4EF9-896A-43E4F052F152}.Debug|Any CPU.ActiveCfg = Debug|Any CPU
		{E25DED86-132E-4EF9-896A-43E4F052F152}.Debug|Any CPU.Build.0 = Debug|Any CPU
		{E25DED86-132E-4EF9-896A-43E4F052F152}.Debug|x86.ActiveCfg = Debug|Any CPU
		{E25DED86-132E-4EF9-896A-43E4F052F152}.Debug|x86.Build.0 = Debug|Any CPU
		{E25DED86-132E-4EF9-896A-43E4F052F152}.Release|Any CPU.ActiveCfg = Release|Any CPU
		{E25DED86-132E-4EF9-896A-43E4F052F152}.Release|Any CPU.Build.0 = Release|Any CPU
		{E25DED86-132E-4EF9-896A-43E4F052F152}.Release|x86.ActiveCfg = Release|Any CPU
		{E25DED86-132E-4EF9-896A-43E4F052F152}.Release|x86.Build.0 = Release|Any CPU
		{F2CCACC7-B465-445E-BC6C-B162545C7C40}.Debug|Any CPU.ActiveCfg = Debug|Any CPU
		{F2CCACC7-B465-445E-BC6C-B162545C7C40}.Debug|Any CPU.Build.0 = Debug|Any CPU
		{F2CCACC7-B465-445E-BC6C-B162545C7C40}.Debug|x86.ActiveCfg = Debug|Any CPU
		{F2CCACC7-B465-445E-BC6C-B162545C7C40}.Debug|x86.Build.0 = Debug|Any CPU
		{F2CCACC7-B465-445E-BC6C-B162545C7C40}.Release|Any CPU.ActiveCfg = Release|Any CPU
		{F2CCACC7-B465-445E-BC6C-B162545C7C40}.Release|Any CPU.Build.0 = Release|Any CPU
		{F2CCACC7-B465-445E-BC6C-B162545C7C40}.Release|x86.ActiveCfg = Release|Any CPU
		{F2CCACC7-B465-445E-BC6C-B162545C7C40}.Release|x86.Build.0 = Release|Any CPU
		{EB244161-7E2D-4F3F-A523-E33277A6781C}.Debug|Any CPU.ActiveCfg = Debug|Any CPU
		{EB244161-7E2D-4F3F-A523-E33277A6781C}.Debug|Any CPU.Build.0 = Debug|Any CPU
		{EB244161-7E2D-4F3F-A523-E33277A6781C}.Debug|x86.ActiveCfg = Debug|Any CPU
		{EB244161-7E2D-4F3F-A523-E33277A6781C}.Debug|x86.Build.0 = Debug|Any CPU
		{EB244161-7E2D-4F3F-A523-E33277A6781C}.Release|Any CPU.ActiveCfg = Release|Any CPU
		{EB244161-7E2D-4F3F-A523-E33277A6781C}.Release|Any CPU.Build.0 = Release|Any CPU
		{EB244161-7E2D-4F3F-A523-E33277A6781C}.Release|x86.ActiveCfg = Release|Any CPU
		{EB244161-7E2D-4F3F-A523-E33277A6781C}.Release|x86.Build.0 = Release|Any CPU
		{C4FA839B-6153-4FFE-B0F8-2DDB0665417C}.Debug|Any CPU.ActiveCfg = Debug|Any CPU
		{C4FA839B-6153-4FFE-B0F8-2DDB0665417C}.Debug|Any CPU.Build.0 = Debug|Any CPU
		{C4FA839B-6153-4FFE-B0F8-2DDB0665417C}.Debug|x86.ActiveCfg = Debug|Any CPU
		{C4FA839B-6153-4FFE-B0F8-2DDB0665417C}.Debug|x86.Build.0 = Debug|Any CPU
		{C4FA839B-6153-4FFE-B0F8-2DDB0665417C}.Release|Any CPU.ActiveCfg = Release|Any CPU
		{C4FA839B-6153-4FFE-B0F8-2DDB0665417C}.Release|Any CPU.Build.0 = Release|Any CPU
		{C4FA839B-6153-4FFE-B0F8-2DDB0665417C}.Release|x86.ActiveCfg = Release|Any CPU
		{C4FA839B-6153-4FFE-B0F8-2DDB0665417C}.Release|x86.Build.0 = Release|Any CPU
		{73B52837-2EA0-40D3-B635-AD8E80BE0921}.Debug|Any CPU.ActiveCfg = Debug|Any CPU
		{73B52837-2EA0-40D3-B635-AD8E80BE0921}.Debug|Any CPU.Build.0 = Debug|Any CPU
		{73B52837-2EA0-40D3-B635-AD8E80BE0921}.Debug|x86.ActiveCfg = Debug|Any CPU
		{73B52837-2EA0-40D3-B635-AD8E80BE0921}.Debug|x86.Build.0 = Debug|Any CPU
		{73B52837-2EA0-40D3-B635-AD8E80BE0921}.Release|Any CPU.ActiveCfg = Release|Any CPU
		{73B52837-2EA0-40D3-B635-AD8E80BE0921}.Release|Any CPU.Build.0 = Release|Any CPU
		{73B52837-2EA0-40D3-B635-AD8E80BE0921}.Release|x86.ActiveCfg = Release|Any CPU
		{73B52837-2EA0-40D3-B635-AD8E80BE0921}.Release|x86.Build.0 = Release|Any CPU
		{5F818D0F-0411-4129-B32C-36E2ADB43EF1}.Debug|Any CPU.ActiveCfg = Debug|Any CPU
		{5F818D0F-0411-4129-B32C-36E2ADB43EF1}.Debug|Any CPU.Build.0 = Debug|Any CPU
		{5F818D0F-0411-4129-B32C-36E2ADB43EF1}.Debug|x86.ActiveCfg = Debug|Any CPU
		{5F818D0F-0411-4129-B32C-36E2ADB43EF1}.Debug|x86.Build.0 = Debug|Any CPU
		{5F818D0F-0411-4129-B32C-36E2ADB43EF1}.Release|Any CPU.ActiveCfg = Release|Any CPU
		{5F818D0F-0411-4129-B32C-36E2ADB43EF1}.Release|Any CPU.Build.0 = Release|Any CPU
		{5F818D0F-0411-4129-B32C-36E2ADB43EF1}.Release|x86.ActiveCfg = Release|Any CPU
		{5F818D0F-0411-4129-B32C-36E2ADB43EF1}.Release|x86.Build.0 = Release|Any CPU
	EndGlobalSection
	GlobalSection(SolutionProperties) = preSolution
		HideSolutionNode = FALSE
	EndGlobalSection
	GlobalSection(NestedProjects) = preSolution
		{B2DF914A-A068-4FD0-8ED9-50743E1AFF71} = {8651BE6F-54D2-4017-845A-4579B0F21DC3}
		{5B1710D2-5DC8-4754-91B2-19165DE49B3D} = {28BF4974-FFE2-4440-ABAB-674DC0C6AB4E}
		{E708AC99-605B-42A0-8D20-ABCA8FE42DD2} = {28BF4974-FFE2-4440-ABAB-674DC0C6AB4E}
		{F26CDB6B-3D72-4240-BC11-CEB7351672F1} = {B2DF914A-A068-4FD0-8ED9-50743E1AFF71}
		{11F115EE-8D61-42F3-89CA-E75E591E4E49} = {B2DF914A-A068-4FD0-8ED9-50743E1AFF71}
		{60761FCD-DB0B-40CC-8645-441CE88349D7} = {B2DF914A-A068-4FD0-8ED9-50743E1AFF71}
		{2C279B20-2AA2-4C6A-B7D0-B7BD143697F5} = {65C47B8C-93EE-4291-8870-E3092BE22DB5}
		{E25DED86-132E-4EF9-896A-43E4F052F152} = {86F61B42-61D9-495A-909C-DCD97BDB76D1}
		{F2CCACC7-B465-445E-BC6C-B162545C7C40} = {86F61B42-61D9-495A-909C-DCD97BDB76D1}
		{EB244161-7E2D-4F3F-A523-E33277A6781C} = {9EB32D39-B080-4BC8-B136-25FD46CA18C6}
		{C4FA839B-6153-4FFE-B0F8-2DDB0665417C} = {9EB32D39-B080-4BC8-B136-25FD46CA18C6}
		{73B52837-2EA0-40D3-B635-AD8E80BE0921} = {8320CC4A-5ED8-4874-8EF7-68F95F939E2B}
		{86F61B42-61D9-495A-909C-DCD97BDB76D1} = {8651BE6F-54D2-4017-845A-4579B0F21DC3}
		{8320CC4A-5ED8-4874-8EF7-68F95F939E2B} = {8651BE6F-54D2-4017-845A-4579B0F21DC3}
		{9EB32D39-B080-4BC8-B136-25FD46CA18C6} = {8651BE6F-54D2-4017-845A-4579B0F21DC3}
		{CD21A2FC-79AB-4EBC-A4CC-072EDBCA0AF3} = {8651BE6F-54D2-4017-845A-4579B0F21DC3}
		{18B524C1-128C-4E95-975F-AFEA26381C01} = {8651BE6F-54D2-4017-845A-4579B0F21DC3}
		{5F818D0F-0411-4129-B32C-36E2ADB43EF1} = {18B524C1-128C-4E95-975F-AFEA26381C01}
	EndGlobalSection
EndGlobal
