
Microsoft Visual Studio Solution File, Format Version 11.00
# Visual Studio 2010
Project("{FAE04EC0-301F-11D3-BF4B-00C04F79EFBC}") = "StarryEyes.Moon", "StarryEyes.Moon\StarryEyes.Moon.csproj", "{7E909D43-7BAD-4885-9983-2FF0030D5A5E}"
EndProject
Project("{FAE04EC0-301F-11D3-BF4B-00C04F79EFBC}") = "StarryEyes", "StarryEyes\StarryEyes.csproj", "{3BF1F46A-B095-40EC-A89D-A34EBBACA966}"
EndProject
Project("{FAE04EC0-301F-11D3-BF4B-00C04F79EFBC}") = "StarryEyes.Vanille", "StarryEyes.Vanille\StarryEyes.Vanille.csproj", "{7C1764E1-AF06-48A8-8590-09500A363118}"
EndProject
Project("{FAE04EC0-301F-11D3-BF4B-00C04F79EFBC}") = "StarryEyes.Albireo", "StarryEyes.Albireo\StarryEyes.Albireo.csproj", "{C2740802-BD1C-4B70-9B3A-F69DAE505827}"
EndProject
Project("{FAE04EC0-301F-11D3-BF4B-00C04F79EFBC}") = "ReactiveOAuth", "ReactiveOAuth\ReactiveOAuth.csproj", "{C20883A2-C104-45EF-BADE-A888328981EB}"
EndProject
Project("{2150E333-8FDC-42A3-9474-1A3956D46DE8}") = ".nuget", ".nuget", "{6EF91D4C-7861-487B-9817-0C977AF2E12E}"
	ProjectSection(SolutionItems) = preProject
		.nuget\NuGet.Config = .nuget\NuGet.Config
		.nuget\NuGet.exe = .nuget\NuGet.exe
		.nuget\NuGet.targets = .nuget\NuGet.targets
	EndProjectSection
EndProject
Project("{FAE04EC0-301F-11D3-BF4B-00C04F79EFBC}") = "StarryEyes.Nightmare", "StarryEyes.Nightmare\StarryEyes.Nightmare.csproj", "{3A78CEB3-A112-4A66-8724-BFF2BFA9182B}"
EndProject
Global
	GlobalSection(SolutionConfigurationPlatforms) = preSolution
		Debug|Any CPU = Debug|Any CPU
		Debug|Mixed Platforms = Debug|Mixed Platforms
		Debug|x86 = Debug|x86
		Release|Any CPU = Release|Any CPU
		Release|Mixed Platforms = Release|Mixed Platforms
		Release|x86 = Release|x86
	EndGlobalSection
	GlobalSection(ProjectConfigurationPlatforms) = postSolution
		{7E909D43-7BAD-4885-9983-2FF0030D5A5E}.Debug|Any CPU.ActiveCfg = Debug|Any CPU
		{7E909D43-7BAD-4885-9983-2FF0030D5A5E}.Debug|Any CPU.Build.0 = Debug|Any CPU
		{7E909D43-7BAD-4885-9983-2FF0030D5A5E}.Debug|Mixed Platforms.ActiveCfg = Debug|Any CPU
		{7E909D43-7BAD-4885-9983-2FF0030D5A5E}.Debug|Mixed Platforms.Build.0 = Debug|Any CPU
		{7E909D43-7BAD-4885-9983-2FF0030D5A5E}.Debug|x86.ActiveCfg = Debug|Any CPU
		{7E909D43-7BAD-4885-9983-2FF0030D5A5E}.Release|Any CPU.ActiveCfg = Release|Any CPU
		{7E909D43-7BAD-4885-9983-2FF0030D5A5E}.Release|Any CPU.Build.0 = Release|Any CPU
		{7E909D43-7BAD-4885-9983-2FF0030D5A5E}.Release|Mixed Platforms.ActiveCfg = Release|Any CPU
		{7E909D43-7BAD-4885-9983-2FF0030D5A5E}.Release|Mixed Platforms.Build.0 = Release|Any CPU
		{7E909D43-7BAD-4885-9983-2FF0030D5A5E}.Release|x86.ActiveCfg = Release|Any CPU
		{3BF1F46A-B095-40EC-A89D-A34EBBACA966}.Debug|Any CPU.ActiveCfg = Debug|x86
		{3BF1F46A-B095-40EC-A89D-A34EBBACA966}.Debug|Mixed Platforms.ActiveCfg = Debug|Any CPU
		{3BF1F46A-B095-40EC-A89D-A34EBBACA966}.Debug|Mixed Platforms.Build.0 = Debug|Any CPU
		{3BF1F46A-B095-40EC-A89D-A34EBBACA966}.Debug|x86.ActiveCfg = Debug|x86
		{3BF1F46A-B095-40EC-A89D-A34EBBACA966}.Debug|x86.Build.0 = Debug|x86
		{3BF1F46A-B095-40EC-A89D-A34EBBACA966}.Release|Any CPU.ActiveCfg = Release|x86
		{3BF1F46A-B095-40EC-A89D-A34EBBACA966}.Release|Mixed Platforms.ActiveCfg = Release|x86
		{3BF1F46A-B095-40EC-A89D-A34EBBACA966}.Release|Mixed Platforms.Build.0 = Release|x86
		{3BF1F46A-B095-40EC-A89D-A34EBBACA966}.Release|x86.ActiveCfg = Release|x86
		{3BF1F46A-B095-40EC-A89D-A34EBBACA966}.Release|x86.Build.0 = Release|x86
		{7C1764E1-AF06-48A8-8590-09500A363118}.Debug|Any CPU.ActiveCfg = Debug|Any CPU
		{7C1764E1-AF06-48A8-8590-09500A363118}.Debug|Any CPU.Build.0 = Debug|Any CPU
		{7C1764E1-AF06-48A8-8590-09500A363118}.Debug|Mixed Platforms.ActiveCfg = Debug|Any CPU
		{7C1764E1-AF06-48A8-8590-09500A363118}.Debug|Mixed Platforms.Build.0 = Debug|Any CPU
		{7C1764E1-AF06-48A8-8590-09500A363118}.Debug|x86.ActiveCfg = Debug|Any CPU
		{7C1764E1-AF06-48A8-8590-09500A363118}.Release|Any CPU.ActiveCfg = Release|Any CPU
		{7C1764E1-AF06-48A8-8590-09500A363118}.Release|Any CPU.Build.0 = Release|Any CPU
		{7C1764E1-AF06-48A8-8590-09500A363118}.Release|Mixed Platforms.ActiveCfg = Release|Any CPU
		{7C1764E1-AF06-48A8-8590-09500A363118}.Release|Mixed Platforms.Build.0 = Release|Any CPU
		{7C1764E1-AF06-48A8-8590-09500A363118}.Release|x86.ActiveCfg = Release|Any CPU
		{C2740802-BD1C-4B70-9B3A-F69DAE505827}.Debug|Any CPU.ActiveCfg = Debug|Any CPU
		{C2740802-BD1C-4B70-9B3A-F69DAE505827}.Debug|Any CPU.Build.0 = Debug|Any CPU
		{C2740802-BD1C-4B70-9B3A-F69DAE505827}.Debug|Mixed Platforms.ActiveCfg = Debug|Any CPU
		{C2740802-BD1C-4B70-9B3A-F69DAE505827}.Debug|Mixed Platforms.Build.0 = Debug|Any CPU
		{C2740802-BD1C-4B70-9B3A-F69DAE505827}.Debug|x86.ActiveCfg = Debug|Any CPU
		{C2740802-BD1C-4B70-9B3A-F69DAE505827}.Release|Any CPU.ActiveCfg = Release|Any CPU
		{C2740802-BD1C-4B70-9B3A-F69DAE505827}.Release|Any CPU.Build.0 = Release|Any CPU
		{C2740802-BD1C-4B70-9B3A-F69DAE505827}.Release|Mixed Platforms.ActiveCfg = Release|Any CPU
		{C2740802-BD1C-4B70-9B3A-F69DAE505827}.Release|Mixed Platforms.Build.0 = Release|Any CPU
		{C2740802-BD1C-4B70-9B3A-F69DAE505827}.Release|x86.ActiveCfg = Release|Any CPU
		{C20883A2-C104-45EF-BADE-A888328981EB}.Debug|Any CPU.ActiveCfg = Debug|Any CPU
		{C20883A2-C104-45EF-BADE-A888328981EB}.Debug|Any CPU.Build.0 = Debug|Any CPU
		{C20883A2-C104-45EF-BADE-A888328981EB}.Debug|Mixed Platforms.ActiveCfg = Debug|Any CPU
		{C20883A2-C104-45EF-BADE-A888328981EB}.Debug|Mixed Platforms.Build.0 = Debug|Any CPU
		{C20883A2-C104-45EF-BADE-A888328981EB}.Debug|x86.ActiveCfg = Debug|Any CPU
		{C20883A2-C104-45EF-BADE-A888328981EB}.Release|Any CPU.ActiveCfg = Release|Any CPU
		{C20883A2-C104-45EF-BADE-A888328981EB}.Release|Any CPU.Build.0 = Release|Any CPU
		{C20883A2-C104-45EF-BADE-A888328981EB}.Release|Mixed Platforms.ActiveCfg = Release|Any CPU
		{C20883A2-C104-45EF-BADE-A888328981EB}.Release|Mixed Platforms.Build.0 = Release|Any CPU
		{C20883A2-C104-45EF-BADE-A888328981EB}.Release|x86.ActiveCfg = Release|Any CPU
		{3A78CEB3-A112-4A66-8724-BFF2BFA9182B}.Debug|Any CPU.ActiveCfg = Debug|Any CPU
		{3A78CEB3-A112-4A66-8724-BFF2BFA9182B}.Debug|Any CPU.Build.0 = Debug|Any CPU
		{3A78CEB3-A112-4A66-8724-BFF2BFA9182B}.Debug|Mixed Platforms.ActiveCfg = Debug|Any CPU
		{3A78CEB3-A112-4A66-8724-BFF2BFA9182B}.Debug|Mixed Platforms.Build.0 = Debug|Any CPU
		{3A78CEB3-A112-4A66-8724-BFF2BFA9182B}.Debug|x86.ActiveCfg = Debug|Any CPU
		{3A78CEB3-A112-4A66-8724-BFF2BFA9182B}.Release|Any CPU.ActiveCfg = Release|Any CPU
		{3A78CEB3-A112-4A66-8724-BFF2BFA9182B}.Release|Any CPU.Build.0 = Release|Any CPU
		{3A78CEB3-A112-4A66-8724-BFF2BFA9182B}.Release|Mixed Platforms.ActiveCfg = Release|Any CPU
		{3A78CEB3-A112-4A66-8724-BFF2BFA9182B}.Release|Mixed Platforms.Build.0 = Release|Any CPU
		{3A78CEB3-A112-4A66-8724-BFF2BFA9182B}.Release|x86.ActiveCfg = Release|Any CPU
	EndGlobalSection
	GlobalSection(SolutionProperties) = preSolution
		HideSolutionNode = FALSE
	EndGlobalSection
EndGlobal
